# THIS IS AN AUTOGENERATED FILE. DO NOT EDIT THIS FILE DIRECTLY.
# yarn lockfile v1


dat.gui@^0.7.7:
  version "0.7.7"
  resolved "https://registry.yarnpkg.com/dat.gui/-/dat.gui-0.7.7.tgz#7f96dbd21621a76385203659aebfa264ee6ae89b"
  integrity sha512-sRl/28gF/XRC5ywC9I4zriATTsQcpSsRG7seXCPnTkK8/EQMIbCu5NPMpICLGxX9ZEUvcXR3ArLYCtgreFoMDw==

three@^0.133.0:
  version "0.133.0"
  resolved "https://registry.yarnpkg.com/three/-/three-0.133.0.tgz#41427306c731a89407221b7be48c7a63580400e7"
  integrity sha512-1p8xTXnJD4hMM2Ktm7+FqOOBoImBoftKnKtAZT/b9AQeL3LhRkVu/HnIJhWA69qIMvUYpjfnunNsO4WdObw1ZQ==
